<?xml version="1.0" encoding="utf-8"?>
<Project ToolsVersion="4.0" xmlns="http://schemas.microsoft.com/developer/msbuild/2003">
  <ItemGroup>
    <Filter Include="소스 파일">
      <UniqueIdentifier>{4FC737F1-C7A5-4376-A066-2A32D752A2FF}</UniqueIdentifier>
      <Extensions>cpp;c;cc;cxx;def;odl;idl;hpj;bat;asm;asmx</Extensions>
    </Filter>
    <Filter Include="헤더 파일">
      <UniqueIdentifier>{93995380-89BD-4b04-88EB-625FBE52EBFB}</UniqueIdentifier>
      <Extensions>h;hh;hpp;hxx;hm;inl;inc;xsd</Extensions>
    </Filter>
    <Filter Include="리소스 파일">
      <UniqueIdentifier>{67DA6AB6-F800-4c08-8B7A-83BB121AAD01}</UniqueIdentifier>
      <Extensions>rc;ico;cur;bmp;dlg;rc2;rct;bin;rgs;gif;jpg;jpeg;jpe;resx;tiff;tif;png;wav;mfcribbon-ms</Extensions>
    </Filter>
    <Filter Include="Device">
      <UniqueIdentifier>{500c84a2-b99c-400f-b993-1f1583c47023}</UniqueIdentifier>
    </Filter>
    <Filter Include="Render">
      <UniqueIdentifier>{6d6aa267-a8d6-40b9-8546-549e68d01a34}</UniqueIdentifier>
    </Filter>
    <Filter Include="Physics">
      <UniqueIdentifier>{8c056e8d-b543-48c2-ac31-2d1978614991}</UniqueIdentifier>
    </Filter>
    <Filter Include="Input">
      <UniqueIdentifier>{055d2739-cca2-481d-8842-770cf3d01568}</UniqueIdentifier>
    </Filter>
    <Filter Include="Effect">
      <UniqueIdentifier>{1844f289-733f-4ecc-ba73-5c174038eeac}</UniqueIdentifier>
    </Filter>
    <Filter Include="Render\BasicMesh">
      <UniqueIdentifier>{6addf7d2-2cf1-4840-a646-096c69250077}</UniqueIdentifier>
    </Filter>
  </ItemGroup>
  <ItemGroup>
    <ClInclude Include="KalsOgre.h">
      <Filter>헤더 파일</Filter>
    </ClInclude>
    <ClInclude Include="EngineDevice.h">
      <Filter>Device</Filter>
    </ClInclude>
    <ClInclude Include="Mesh.h">
      <Filter>Render\BasicMesh</Filter>
    </ClInclude>
  </ItemGroup>
  <ItemGroup>
    <ClCompile Include="EngineDevice.cpp">
      <Filter>Device</Filter>
    </ClCompile>
    <ClCompile Include="Mesh.cpp">
      <Filter>Render\BasicMesh</Filter>
    </ClCompile>
  </ItemGroup>
</Project>